
Microsoft Visual Studio Solution File, Format Version 12.00
# Visual Studio Version 17
VisualStudioVersion = 17.6.33815.320
MinimumVisualStudioVersion = 10.0.40219.1
Project("{13B669BE-BB05-4DDF-9536-439F39A36129}") = "Header_aurora", "Header_aurora.phpproj", "{AF5154C7-3EE5-40A4-939A-B5C7DA390AF0}"
EndProject
Global
	GlobalSection(SolutionConfigurationPlatforms) = preSolution
		Debug|Any CPU = Debug|Any CPU
		Release|Any CPU = Release|Any CPU
	EndGlobalSection
	GlobalSection(ProjectConfigurationPlatforms) = postSolution
		{AF5154C7-3EE5-40A4-939A-B5C7DA390AF0}.Debug|Any CPU.ActiveCfg = Debug|Any CPU
		{AF5154C7-3EE5-40A4-939A-B5C7DA390AF0}.Debug|Any CPU.Build.0 = Debug|Any CPU
		{AF5154C7-3EE5-40A4-939A-B5C7DA390AF0}.Release|Any CPU.ActiveCfg = Release|Any CPU
		{AF5154C7-3EE5-40A4-939A-B5C7DA390AF0}.Release|Any CPU.Build.0 = Release|Any CPU
	EndGlobalSection
	GlobalSection(SolutionProperties) = preSolution
		HideSolutionNode = FALSE
	EndGlobalSection
	GlobalSection(ExtensibilityGlobals) = postSolution
		SolutionGuid = {1A8E3120-31B5-48A3-81DC-5C2049A1228B}
	EndGlobalSection
EndGlobal
